{
  "name": "file-center-frontend",
  "version": "0.1.0",
  "lockfileVersion": 1,
  "requires": true,
  "dependencies": {
    "angular-smart-table": {
      "version": "2.1.11",
      "resolved": "https://registry.npmjs.org/angular-smart-table/-/angular-smart-table-2.1.11.tgz",
      "integrity": "sha512-8ZSGygQqVBkpPDzb0382ujK1eOr8fnePXpzq+sUBkUsvRaEgMeY6VoFpWmg106472mD6oMNXIW9+VDQKllXa0w=="
    },
    "downloadjs": {
      "version": "1.4.7",
      "resolved": "https://registry.npmjs.org/downloadjs/-/downloadjs-1.4.7.tgz",
      "integrity": "sha1-9p+W+UDg0FU9rCkROYZaPNAQHjw="
    }
  }
}
